
Microsoft Visual Studio Solution File, Format Version 12.00
Project("{FAE04EC0-301F-11D3-BF4B-00C04F79EFBC}") = "Task_01", "Task_01\Task_01.csproj", "{5358471A-EAF3-4FE4-816B-D9BB332C6280}"
EndProject
Project("{FAE04EC0-301F-11D3-BF4B-00C04F79EFBC}") = "Task_02", "Task_02\Task_02.csproj", "{7B9665FF-69B9-47AC-9704-99061B6A284F}"
EndProject
Global
	GlobalSection(SolutionConfigurationPlatforms) = preSolution
		Debug|Any CPU = Debug|Any CPU
		Release|Any CPU = Release|Any CPU
	EndGlobalSection
	GlobalSection(ProjectConfigurationPlatforms) = postSolution
		{5358471A-EAF3-4FE4-816B-D9BB332C6280}.Debug|Any CPU.ActiveCfg = Debug|Any CPU
		{5358471A-EAF3-4FE4-816B-D9BB332C6280}.Debug|Any CPU.Build.0 = Debug|Any CPU
		{5358471A-EAF3-4FE4-816B-D9BB332C6280}.Release|Any CPU.ActiveCfg = Release|Any CPU
		{5358471A-EAF3-4FE4-816B-D9BB332C6280}.Release|Any CPU.Build.0 = Release|Any CPU
		{7B9665FF-69B9-47AC-9704-99061B6A284F}.Debug|Any CPU.ActiveCfg = Debug|Any CPU
		{7B9665FF-69B9-47AC-9704-99061B6A284F}.Debug|Any CPU.Build.0 = Debug|Any CPU
		{7B9665FF-69B9-47AC-9704-99061B6A284F}.Release|Any CPU.ActiveCfg = Release|Any CPU
		{7B9665FF-69B9-47AC-9704-99061B6A284F}.Release|Any CPU.Build.0 = Release|Any CPU
	EndGlobalSection
EndGlobal
