
Microsoft Visual Studio Solution File, Format Version 12.00
# Visual Studio Version 16
VisualStudioVersion = 16.0.31911.196
MinimumVisualStudioVersion = 10.0.40219.1
Project("{FAE04EC0-301F-11D3-BF4B-00C04F79EFBC}") = "home_work", "home_work\home_work.csproj", "{DD0D20D0-3C5B-4E7B-B5C3-920C2B51BF06}"
EndProject
Global
	GlobalSection(SolutionConfigurationPlatforms) = preSolution
		Debug|Any CPU = Debug|Any CPU
		Release|Any CPU = Release|Any CPU
	EndGlobalSection
	GlobalSection(ProjectConfigurationPlatforms) = postSolution
		{DD0D20D0-3C5B-4E7B-B5C3-920C2B51BF06}.Debug|Any CPU.ActiveCfg = Debug|Any CPU
		{DD0D20D0-3C5B-4E7B-B5C3-920C2B51BF06}.Debug|Any CPU.Build.0 = Debug|Any CPU
		{DD0D20D0-3C5B-4E7B-B5C3-920C2B51BF06}.Release|Any CPU.ActiveCfg = Release|Any CPU
		{DD0D20D0-3C5B-4E7B-B5C3-920C2B51BF06}.Release|Any CPU.Build.0 = Release|Any CPU
	EndGlobalSection
	GlobalSection(SolutionProperties) = preSolution
		HideSolutionNode = FALSE
	EndGlobalSection
	GlobalSection(ExtensibilityGlobals) = postSolution
		SolutionGuid = {493C7426-0655-4C98-A0F3-5A214B77C125}
	EndGlobalSection
EndGlobal
