
Microsoft Visual Studio Solution File, Format Version 12.00
Project("{FAE04EC0-301F-11D3-BF4B-00C04F79EFBC}") = "Task_01", "Task_01\Task_01.csproj", "{4CDC0876-CA80-4444-B4D2-EA03A7611C87}"
EndProject
Project("{FAE04EC0-301F-11D3-BF4B-00C04F79EFBC}") = "Task_02", "Task_02\Task_02.csproj", "{341319A2-F2D9-4AF6-95A3-CB62D6B9690E}"
EndProject
Project("{FAE04EC0-301F-11D3-BF4B-00C04F79EFBC}") = "Task_03", "Task_03\Task_03.csproj", "{A0675488-7F22-4B2B-A6C0-A711CD9B6851}"
EndProject
Project("{FAE04EC0-301F-11D3-BF4B-00C04F79EFBC}") = "Task_04", "Task_04\Task_04.csproj", "{6CAB2DAE-EA66-4634-8D7B-86FA2B5B00A2}"
EndProject
Project("{FAE04EC0-301F-11D3-BF4B-00C04F79EFBC}") = "Task_05", "Task_05\Task_05.csproj", "{A7FFF9F9-D29B-4DDD-A168-EB3D901DF172}"
EndProject
Project("{FAE04EC0-301F-11D3-BF4B-00C04F79EFBC}") = "Task_06", "Task_06\Task_06.csproj", "{F18BB9EA-53D4-4726-A6AB-F0F0379D6E11}"
EndProject
Project("{FAE04EC0-301F-11D3-BF4B-00C04F79EFBC}") = "Task_07", "Task_07\Task_07.csproj", "{D12CEB52-DD51-4899-93AA-B043A272D4F6}"
EndProject
Project("{FAE04EC0-301F-11D3-BF4B-00C04F79EFBC}") = "Task_08", "Task_08\Task_08.csproj", "{7AE00EF3-C2EF-4327-902C-DDA4715A4D31}"
EndProject
Project("{FAE04EC0-301F-11D3-BF4B-00C04F79EFBC}") = "Task_09", "Task_09\Task_09.csproj", "{F121DEF4-DCC9-487F-BFB5-2C1E86A9B2AC}"
EndProject
Project("{FAE04EC0-301F-11D3-BF4B-00C04F79EFBC}") = "Task_10", "Task_10\Task_10.csproj", "{48A12EE5-924B-4725-AF02-500E23E0D880}"
EndProject
Project("{FAE04EC0-301F-11D3-BF4B-00C04F79EFBC}") = "Task_11", "Task_11\Task_11.csproj", "{2E8AF276-4F9B-46EE-BAB8-DD2BCD93C1BE}"
EndProject
Global
	GlobalSection(SolutionConfigurationPlatforms) = preSolution
		Debug|Any CPU = Debug|Any CPU
		Release|Any CPU = Release|Any CPU
	EndGlobalSection
	GlobalSection(ProjectConfigurationPlatforms) = postSolution
		{4CDC0876-CA80-4444-B4D2-EA03A7611C87}.Debug|Any CPU.ActiveCfg = Debug|Any CPU
		{4CDC0876-CA80-4444-B4D2-EA03A7611C87}.Debug|Any CPU.Build.0 = Debug|Any CPU
		{4CDC0876-CA80-4444-B4D2-EA03A7611C87}.Release|Any CPU.ActiveCfg = Release|Any CPU
		{4CDC0876-CA80-4444-B4D2-EA03A7611C87}.Release|Any CPU.Build.0 = Release|Any CPU
		{341319A2-F2D9-4AF6-95A3-CB62D6B9690E}.Debug|Any CPU.ActiveCfg = Debug|Any CPU
		{341319A2-F2D9-4AF6-95A3-CB62D6B9690E}.Debug|Any CPU.Build.0 = Debug|Any CPU
		{341319A2-F2D9-4AF6-95A3-CB62D6B9690E}.Release|Any CPU.ActiveCfg = Release|Any CPU
		{341319A2-F2D9-4AF6-95A3-CB62D6B9690E}.Release|Any CPU.Build.0 = Release|Any CPU
		{A0675488-7F22-4B2B-A6C0-A711CD9B6851}.Debug|Any CPU.ActiveCfg = Debug|Any CPU
		{A0675488-7F22-4B2B-A6C0-A711CD9B6851}.Debug|Any CPU.Build.0 = Debug|Any CPU
		{A0675488-7F22-4B2B-A6C0-A711CD9B6851}.Release|Any CPU.ActiveCfg = Release|Any CPU
		{A0675488-7F22-4B2B-A6C0-A711CD9B6851}.Release|Any CPU.Build.0 = Release|Any CPU
		{6CAB2DAE-EA66-4634-8D7B-86FA2B5B00A2}.Debug|Any CPU.ActiveCfg = Debug|Any CPU
		{6CAB2DAE-EA66-4634-8D7B-86FA2B5B00A2}.Debug|Any CPU.Build.0 = Debug|Any CPU
		{6CAB2DAE-EA66-4634-8D7B-86FA2B5B00A2}.Release|Any CPU.ActiveCfg = Release|Any CPU
		{6CAB2DAE-EA66-4634-8D7B-86FA2B5B00A2}.Release|Any CPU.Build.0 = Release|Any CPU
		{A7FFF9F9-D29B-4DDD-A168-EB3D901DF172}.Debug|Any CPU.ActiveCfg = Debug|Any CPU
		{A7FFF9F9-D29B-4DDD-A168-EB3D901DF172}.Debug|Any CPU.Build.0 = Debug|Any CPU
		{A7FFF9F9-D29B-4DDD-A168-EB3D901DF172}.Release|Any CPU.ActiveCfg = Release|Any CPU
		{A7FFF9F9-D29B-4DDD-A168-EB3D901DF172}.Release|Any CPU.Build.0 = Release|Any CPU
		{F18BB9EA-53D4-4726-A6AB-F0F0379D6E11}.Debug|Any CPU.ActiveCfg = Debug|Any CPU
		{F18BB9EA-53D4-4726-A6AB-F0F0379D6E11}.Debug|Any CPU.Build.0 = Debug|Any CPU
		{F18BB9EA-53D4-4726-A6AB-F0F0379D6E11}.Release|Any CPU.ActiveCfg = Release|Any CPU
		{F18BB9EA-53D4-4726-A6AB-F0F0379D6E11}.Release|Any CPU.Build.0 = Release|Any CPU
		{D12CEB52-DD51-4899-93AA-B043A272D4F6}.Debug|Any CPU.ActiveCfg = Debug|Any CPU
		{D12CEB52-DD51-4899-93AA-B043A272D4F6}.Debug|Any CPU.Build.0 = Debug|Any CPU
		{D12CEB52-DD51-4899-93AA-B043A272D4F6}.Release|Any CPU.ActiveCfg = Release|Any CPU
		{D12CEB52-DD51-4899-93AA-B043A272D4F6}.Release|Any CPU.Build.0 = Release|Any CPU
		{7AE00EF3-C2EF-4327-902C-DDA4715A4D31}.Debug|Any CPU.ActiveCfg = Debug|Any CPU
		{7AE00EF3-C2EF-4327-902C-DDA4715A4D31}.Debug|Any CPU.Build.0 = Debug|Any CPU
		{7AE00EF3-C2EF-4327-902C-DDA4715A4D31}.Release|Any CPU.ActiveCfg = Release|Any CPU
		{7AE00EF3-C2EF-4327-902C-DDA4715A4D31}.Release|Any CPU.Build.0 = Release|Any CPU
		{F121DEF4-DCC9-487F-BFB5-2C1E86A9B2AC}.Debug|Any CPU.ActiveCfg = Debug|Any CPU
		{F121DEF4-DCC9-487F-BFB5-2C1E86A9B2AC}.Debug|Any CPU.Build.0 = Debug|Any CPU
		{F121DEF4-DCC9-487F-BFB5-2C1E86A9B2AC}.Release|Any CPU.ActiveCfg = Release|Any CPU
		{F121DEF4-DCC9-487F-BFB5-2C1E86A9B2AC}.Release|Any CPU.Build.0 = Release|Any CPU
		{48A12EE5-924B-4725-AF02-500E23E0D880}.Debug|Any CPU.ActiveCfg = Debug|Any CPU
		{48A12EE5-924B-4725-AF02-500E23E0D880}.Debug|Any CPU.Build.0 = Debug|Any CPU
		{48A12EE5-924B-4725-AF02-500E23E0D880}.Release|Any CPU.ActiveCfg = Release|Any CPU
		{48A12EE5-924B-4725-AF02-500E23E0D880}.Release|Any CPU.Build.0 = Release|Any CPU
		{2E8AF276-4F9B-46EE-BAB8-DD2BCD93C1BE}.Debug|Any CPU.ActiveCfg = Debug|Any CPU
		{2E8AF276-4F9B-46EE-BAB8-DD2BCD93C1BE}.Debug|Any CPU.Build.0 = Debug|Any CPU
		{2E8AF276-4F9B-46EE-BAB8-DD2BCD93C1BE}.Release|Any CPU.ActiveCfg = Release|Any CPU
		{2E8AF276-4F9B-46EE-BAB8-DD2BCD93C1BE}.Release|Any CPU.Build.0 = Release|Any CPU
	EndGlobalSection
EndGlobal
