
Microsoft Visual Studio Solution File, Format Version 12.00
# Visual Studio Version 16
VisualStudioVersion = 16.0.31911.196
MinimumVisualStudioVersion = 10.0.40219.1
Project("{FAE04EC0-301F-11D3-BF4B-00C04F79EFBC}") = "class_work", "class_work\class_work.csproj", "{A5D698A5-8660-4FA2-8181-903F7E7A4DF8}"
EndProject
Global
	GlobalSection(SolutionConfigurationPlatforms) = preSolution
		Debug|Any CPU = Debug|Any CPU
		Release|Any CPU = Release|Any CPU
	EndGlobalSection
	GlobalSection(ProjectConfigurationPlatforms) = postSolution
		{A5D698A5-8660-4FA2-8181-903F7E7A4DF8}.Debug|Any CPU.ActiveCfg = Debug|Any CPU
		{A5D698A5-8660-4FA2-8181-903F7E7A4DF8}.Debug|Any CPU.Build.0 = Debug|Any CPU
		{A5D698A5-8660-4FA2-8181-903F7E7A4DF8}.Release|Any CPU.ActiveCfg = Release|Any CPU
		{A5D698A5-8660-4FA2-8181-903F7E7A4DF8}.Release|Any CPU.Build.0 = Release|Any CPU
	EndGlobalSection
	GlobalSection(SolutionProperties) = preSolution
		HideSolutionNode = FALSE
	EndGlobalSection
	GlobalSection(ExtensibilityGlobals) = postSolution
		SolutionGuid = {A7049F37-771F-47C4-A3E1-0558F285A49F}
	EndGlobalSection
EndGlobal
