
Microsoft Visual Studio Solution File, Format Version 12.00
# Visual Studio Version 16
VisualStudioVersion = 16.0.31911.196
MinimumVisualStudioVersion = 10.0.40219.1
Project("{FAE04EC0-301F-11D3-BF4B-00C04F79EFBC}") = "Task_02", "Task_02\Task_02.csproj", "{0AEF0310-8052-47F6-A5E4-38C1AFD93C5D}"
EndProject
Global
	GlobalSection(SolutionConfigurationPlatforms) = preSolution
		Debug|Any CPU = Debug|Any CPU
		Release|Any CPU = Release|Any CPU
	EndGlobalSection
	GlobalSection(ProjectConfigurationPlatforms) = postSolution
		{0AEF0310-8052-47F6-A5E4-38C1AFD93C5D}.Debug|Any CPU.ActiveCfg = Debug|Any CPU
		{0AEF0310-8052-47F6-A5E4-38C1AFD93C5D}.Debug|Any CPU.Build.0 = Debug|Any CPU
		{0AEF0310-8052-47F6-A5E4-38C1AFD93C5D}.Release|Any CPU.ActiveCfg = Release|Any CPU
		{0AEF0310-8052-47F6-A5E4-38C1AFD93C5D}.Release|Any CPU.Build.0 = Release|Any CPU
	EndGlobalSection
	GlobalSection(SolutionProperties) = preSolution
		HideSolutionNode = FALSE
	EndGlobalSection
	GlobalSection(ExtensibilityGlobals) = postSolution
		SolutionGuid = {E49991B3-0E32-4BAF-A252-BF2CC6405337}
	EndGlobalSection
EndGlobal
